
Microsoft Visual Studio Solution File, Format Version 12.00
Project("{2150E333-8FDC-42A3-9474-1A3956D46DE8}") = "Tests", "Tests", "{BCC9329A-CC9F-47CA-908A-3AF8A3D3B597}"
EndProject
Project("{FAE04EC0-301F-11D3-BF4B-00C04F79EFBC}") = "Devices.Tests", "Devices.Tests\Devices.Tests.csproj", "{16E8D30F-FA73-4218-AF64-97F142DD2C08}"
EndProject
Project("{2150E333-8FDC-42A3-9474-1A3956D46DE8}") = "SensorsSimulator.Core", "SensorsSimulator.Core", "{E93953F1-C55B-4196-B483-D7A0AE73F0B4}"
EndProject
Project("{FAE04EC0-301F-11D3-BF4B-00C04F79EFBC}") = "Configuration", "Configuration\Configuration.csproj", "{11C2A5CE-7033-4348-8AE5-C8F103FF7A5D}"
EndProject
Project("{FAE04EC0-301F-11D3-BF4B-00C04F79EFBC}") = "TestHelper", "TestHelper\TestHelper.csproj", "{F9AEB231-2394-4450-91E9-03511EC5D42A}"
EndProject
Project("{FAE04EC0-301F-11D3-BF4B-00C04F79EFBC}") = "Devices", "Devices\Devices.csproj", "{925054FF-C126-4BEE-B008-A12C3331C65B}"
EndProject
Project("{FAE04EC0-301F-11D3-BF4B-00C04F79EFBC}") = "Manager", "Manager\Manager.csproj", "{A8881537-F68C-4485-8856-E9A0A18A9961}"
EndProject
Project("{FAE04EC0-301F-11D3-BF4B-00C04F79EFBC}") = "Manager.Tests", "Manager.Tests\Manager.Tests.csproj", "{EF74962E-D51F-45F1-A602-7D728F740D00}"
EndProject
Project("{FAE04EC0-301F-11D3-BF4B-00C04F79EFBC}") = "SensorConsoleAppVariant", "SensorConsoleAppVariant\SensorConsoleAppVariant.csproj", "{16B044E3-E33A-406D-8A4E-A31A5919C7D0}"
EndProject
Project("{2150E333-8FDC-42A3-9474-1A3956D46DE8}") = "ClientServerVariant", "ClientServerVariant", "{52D6E80A-7FD4-47D4-BE70-C9CE3820B7A6}"
EndProject
Project("{FAE04EC0-301F-11D3-BF4B-00C04F79EFBC}") = "GrpcReceiverService", "GrpcReceiverService\GrpcReceiverService.csproj", "{B152270F-BE4B-4C65-A529-160410FB3785}"
EndProject
Project("{FAE04EC0-301F-11D3-BF4B-00C04F79EFBC}") = "SensorClient", "SensorClient\SensorClient.csproj", "{2C0F7AFB-7FC0-44C5-A079-7EF7FE076320}"
EndProject
Global
	GlobalSection(SolutionConfigurationPlatforms) = preSolution
		Debug|Any CPU = Debug|Any CPU
		Release|Any CPU = Release|Any CPU
	EndGlobalSection
	GlobalSection(NestedProjects) = preSolution
		{16E8D30F-FA73-4218-AF64-97F142DD2C08} = {BCC9329A-CC9F-47CA-908A-3AF8A3D3B597}
		{11C2A5CE-7033-4348-8AE5-C8F103FF7A5D} = {E93953F1-C55B-4196-B483-D7A0AE73F0B4}
		{F9AEB231-2394-4450-91E9-03511EC5D42A} = {BCC9329A-CC9F-47CA-908A-3AF8A3D3B597}
		{925054FF-C126-4BEE-B008-A12C3331C65B} = {E93953F1-C55B-4196-B483-D7A0AE73F0B4}
		{A8881537-F68C-4485-8856-E9A0A18A9961} = {E93953F1-C55B-4196-B483-D7A0AE73F0B4}
		{EF74962E-D51F-45F1-A602-7D728F740D00} = {BCC9329A-CC9F-47CA-908A-3AF8A3D3B597}
		{B152270F-BE4B-4C65-A529-160410FB3785} = {52D6E80A-7FD4-47D4-BE70-C9CE3820B7A6}
		{2C0F7AFB-7FC0-44C5-A079-7EF7FE076320} = {52D6E80A-7FD4-47D4-BE70-C9CE3820B7A6}
	EndGlobalSection
	GlobalSection(ProjectConfigurationPlatforms) = postSolution
		{16E8D30F-FA73-4218-AF64-97F142DD2C08}.Debug|Any CPU.ActiveCfg = Debug|Any CPU
		{16E8D30F-FA73-4218-AF64-97F142DD2C08}.Debug|Any CPU.Build.0 = Debug|Any CPU
		{16E8D30F-FA73-4218-AF64-97F142DD2C08}.Release|Any CPU.ActiveCfg = Release|Any CPU
		{16E8D30F-FA73-4218-AF64-97F142DD2C08}.Release|Any CPU.Build.0 = Release|Any CPU
		{11C2A5CE-7033-4348-8AE5-C8F103FF7A5D}.Debug|Any CPU.ActiveCfg = Debug|Any CPU
		{11C2A5CE-7033-4348-8AE5-C8F103FF7A5D}.Debug|Any CPU.Build.0 = Debug|Any CPU
		{11C2A5CE-7033-4348-8AE5-C8F103FF7A5D}.Release|Any CPU.ActiveCfg = Release|Any CPU
		{11C2A5CE-7033-4348-8AE5-C8F103FF7A5D}.Release|Any CPU.Build.0 = Release|Any CPU
		{F9AEB231-2394-4450-91E9-03511EC5D42A}.Debug|Any CPU.ActiveCfg = Debug|Any CPU
		{F9AEB231-2394-4450-91E9-03511EC5D42A}.Debug|Any CPU.Build.0 = Debug|Any CPU
		{F9AEB231-2394-4450-91E9-03511EC5D42A}.Release|Any CPU.ActiveCfg = Release|Any CPU
		{F9AEB231-2394-4450-91E9-03511EC5D42A}.Release|Any CPU.Build.0 = Release|Any CPU
		{925054FF-C126-4BEE-B008-A12C3331C65B}.Debug|Any CPU.ActiveCfg = Debug|Any CPU
		{925054FF-C126-4BEE-B008-A12C3331C65B}.Debug|Any CPU.Build.0 = Debug|Any CPU
		{925054FF-C126-4BEE-B008-A12C3331C65B}.Release|Any CPU.ActiveCfg = Release|Any CPU
		{925054FF-C126-4BEE-B008-A12C3331C65B}.Release|Any CPU.Build.0 = Release|Any CPU
		{A8881537-F68C-4485-8856-E9A0A18A9961}.Debug|Any CPU.ActiveCfg = Debug|Any CPU
		{A8881537-F68C-4485-8856-E9A0A18A9961}.Debug|Any CPU.Build.0 = Debug|Any CPU
		{A8881537-F68C-4485-8856-E9A0A18A9961}.Release|Any CPU.ActiveCfg = Release|Any CPU
		{A8881537-F68C-4485-8856-E9A0A18A9961}.Release|Any CPU.Build.0 = Release|Any CPU
		{EF74962E-D51F-45F1-A602-7D728F740D00}.Debug|Any CPU.ActiveCfg = Debug|Any CPU
		{EF74962E-D51F-45F1-A602-7D728F740D00}.Debug|Any CPU.Build.0 = Debug|Any CPU
		{EF74962E-D51F-45F1-A602-7D728F740D00}.Release|Any CPU.ActiveCfg = Release|Any CPU
		{EF74962E-D51F-45F1-A602-7D728F740D00}.Release|Any CPU.Build.0 = Release|Any CPU
		{16B044E3-E33A-406D-8A4E-A31A5919C7D0}.Debug|Any CPU.ActiveCfg = Debug|Any CPU
		{16B044E3-E33A-406D-8A4E-A31A5919C7D0}.Debug|Any CPU.Build.0 = Debug|Any CPU
		{16B044E3-E33A-406D-8A4E-A31A5919C7D0}.Release|Any CPU.ActiveCfg = Release|Any CPU
		{16B044E3-E33A-406D-8A4E-A31A5919C7D0}.Release|Any CPU.Build.0 = Release|Any CPU
		{B152270F-BE4B-4C65-A529-160410FB3785}.Debug|Any CPU.ActiveCfg = Debug|Any CPU
		{B152270F-BE4B-4C65-A529-160410FB3785}.Debug|Any CPU.Build.0 = Debug|Any CPU
		{B152270F-BE4B-4C65-A529-160410FB3785}.Release|Any CPU.ActiveCfg = Release|Any CPU
		{B152270F-BE4B-4C65-A529-160410FB3785}.Release|Any CPU.Build.0 = Release|Any CPU
		{2C0F7AFB-7FC0-44C5-A079-7EF7FE076320}.Debug|Any CPU.ActiveCfg = Debug|Any CPU
		{2C0F7AFB-7FC0-44C5-A079-7EF7FE076320}.Debug|Any CPU.Build.0 = Debug|Any CPU
		{2C0F7AFB-7FC0-44C5-A079-7EF7FE076320}.Release|Any CPU.ActiveCfg = Release|Any CPU
		{2C0F7AFB-7FC0-44C5-A079-7EF7FE076320}.Release|Any CPU.Build.0 = Release|Any CPU
	EndGlobalSection
EndGlobal
